
Microsoft Visual Studio Solution File, Format Version 12.00
# Visual Studio 2012
Project("{FAE04EC0-301F-11D3-BF4B-00C04F79EFBC}") = "01.PrintOddLines", "01.PrintOddLines\01.PrintOddLines.csproj", "{C6D1448E-4720-4F7E-BDB2-BA940AD697B4}"
EndProject
Project("{FAE04EC0-301F-11D3-BF4B-00C04F79EFBC}") = "02.Concat", "02.Concat\02.Concat.csproj", "{A788790B-A2A3-4F56-9022-37F2009D673A}"
EndProject
Project("{FAE04EC0-301F-11D3-BF4B-00C04F79EFBC}") = "03.InsertLineNumber", "03.InsertLineNumber\03.InsertLineNumber.csproj", "{365B1104-71DB-4767-AF4F-DE951711B227}"
EndProject
Project("{FAE04EC0-301F-11D3-BF4B-00C04F79EFBC}") = "04.CompareTwoTextFiles", "04.CompareTwoTextFiles\04.CompareTwoTextFiles.csproj", "{8A2EF4A3-F44E-4F72-82FC-7D977F69053B}"
EndProject
Project("{FAE04EC0-301F-11D3-BF4B-00C04F79EFBC}") = "05.SquareMatrix", "05.SquareMatrix\05.SquareMatrix.csproj", "{4371EA47-8516-4AA6-8FFC-3B1E830E250C}"
EndProject
Project("{FAE04EC0-301F-11D3-BF4B-00C04F79EFBC}") = "06.ListOfStrings", "06.ListOfStrings\06.ListOfStrings.csproj", "{15A7C921-3888-486D-B1A2-2071D91489FC}"
EndProject
Project("{FAE04EC0-301F-11D3-BF4B-00C04F79EFBC}") = "07.ReplaceStartWithFinish", "07.ReplaceStartWithFinish\07.ReplaceStartWithFinish.csproj", "{44B44E20-8DC1-42E3-A771-7F495A980C71}"
EndProject
Project("{FAE04EC0-301F-11D3-BF4B-00C04F79EFBC}") = "08.ReplaceOnlyWholeWords", "08.ReplaceOnlyWholeWords\08.ReplaceOnlyWholeWords.csproj", "{28834187-5E4E-4870-80B0-A09323D051D7}"
EndProject
Project("{FAE04EC0-301F-11D3-BF4B-00C04F79EFBC}") = "09.DeleteOddLines", "09.DeleteOddLines\09.DeleteOddLines.csproj", "{432EFE6C-DB97-42DE-AF8E-EF7EBA0962D2}"
EndProject
Project("{FAE04EC0-301F-11D3-BF4B-00C04F79EFBC}") = "10.ExtractTextFromXML", "10.ExtractTextFromXML\10.ExtractTextFromXML.csproj", "{5D4FBFC9-094D-41DE-A783-E07E868481B0}"
EndProject
Project("{FAE04EC0-301F-11D3-BF4B-00C04F79EFBC}") = "11.DeleteWordsWithPrefixTest", "11.DeleteWordsWithPrefixTest\11.DeleteWordsWithPrefixTest.csproj", "{95A3ACE0-92A2-4748-848D-E0077FC17CBA}"
EndProject
Project("{FAE04EC0-301F-11D3-BF4B-00C04F79EFBC}") = "12.RemoveWords", "12.RemoveWords\12.RemoveWords.csproj", "{94B51411-DC1D-4D71-9255-314D1BD070E3}"
EndProject
Global
	GlobalSection(SolutionConfigurationPlatforms) = preSolution
		Debug|Any CPU = Debug|Any CPU
		Release|Any CPU = Release|Any CPU
	EndGlobalSection
	GlobalSection(ProjectConfigurationPlatforms) = postSolution
		{C6D1448E-4720-4F7E-BDB2-BA940AD697B4}.Debug|Any CPU.ActiveCfg = Debug|Any CPU
		{C6D1448E-4720-4F7E-BDB2-BA940AD697B4}.Debug|Any CPU.Build.0 = Debug|Any CPU
		{C6D1448E-4720-4F7E-BDB2-BA940AD697B4}.Release|Any CPU.ActiveCfg = Release|Any CPU
		{C6D1448E-4720-4F7E-BDB2-BA940AD697B4}.Release|Any CPU.Build.0 = Release|Any CPU
		{A788790B-A2A3-4F56-9022-37F2009D673A}.Debug|Any CPU.ActiveCfg = Debug|Any CPU
		{A788790B-A2A3-4F56-9022-37F2009D673A}.Debug|Any CPU.Build.0 = Debug|Any CPU
		{A788790B-A2A3-4F56-9022-37F2009D673A}.Release|Any CPU.ActiveCfg = Release|Any CPU
		{A788790B-A2A3-4F56-9022-37F2009D673A}.Release|Any CPU.Build.0 = Release|Any CPU
		{365B1104-71DB-4767-AF4F-DE951711B227}.Debug|Any CPU.ActiveCfg = Debug|Any CPU
		{365B1104-71DB-4767-AF4F-DE951711B227}.Debug|Any CPU.Build.0 = Debug|Any CPU
		{365B1104-71DB-4767-AF4F-DE951711B227}.Release|Any CPU.ActiveCfg = Release|Any CPU
		{365B1104-71DB-4767-AF4F-DE951711B227}.Release|Any CPU.Build.0 = Release|Any CPU
		{8A2EF4A3-F44E-4F72-82FC-7D977F69053B}.Debug|Any CPU.ActiveCfg = Debug|Any CPU
		{8A2EF4A3-F44E-4F72-82FC-7D977F69053B}.Debug|Any CPU.Build.0 = Debug|Any CPU
		{8A2EF4A3-F44E-4F72-82FC-7D977F69053B}.Release|Any CPU.ActiveCfg = Release|Any CPU
		{8A2EF4A3-F44E-4F72-82FC-7D977F69053B}.Release|Any CPU.Build.0 = Release|Any CPU
		{4371EA47-8516-4AA6-8FFC-3B1E830E250C}.Debug|Any CPU.ActiveCfg = Debug|Any CPU
		{4371EA47-8516-4AA6-8FFC-3B1E830E250C}.Debug|Any CPU.Build.0 = Debug|Any CPU
		{4371EA47-8516-4AA6-8FFC-3B1E830E250C}.Release|Any CPU.ActiveCfg = Release|Any CPU
		{4371EA47-8516-4AA6-8FFC-3B1E830E250C}.Release|Any CPU.Build.0 = Release|Any CPU
		{15A7C921-3888-486D-B1A2-2071D91489FC}.Debug|Any CPU.ActiveCfg = Debug|Any CPU
		{15A7C921-3888-486D-B1A2-2071D91489FC}.Debug|Any CPU.Build.0 = Debug|Any CPU
		{15A7C921-3888-486D-B1A2-2071D91489FC}.Release|Any CPU.ActiveCfg = Release|Any CPU
		{15A7C921-3888-486D-B1A2-2071D91489FC}.Release|Any CPU.Build.0 = Release|Any CPU
		{44B44E20-8DC1-42E3-A771-7F495A980C71}.Debug|Any CPU.ActiveCfg = Debug|Any CPU
		{44B44E20-8DC1-42E3-A771-7F495A980C71}.Debug|Any CPU.Build.0 = Debug|Any CPU
		{44B44E20-8DC1-42E3-A771-7F495A980C71}.Release|Any CPU.ActiveCfg = Release|Any CPU
		{44B44E20-8DC1-42E3-A771-7F495A980C71}.Release|Any CPU.Build.0 = Release|Any CPU
		{28834187-5E4E-4870-80B0-A09323D051D7}.Debug|Any CPU.ActiveCfg = Debug|Any CPU
		{28834187-5E4E-4870-80B0-A09323D051D7}.Debug|Any CPU.Build.0 = Debug|Any CPU
		{28834187-5E4E-4870-80B0-A09323D051D7}.Release|Any CPU.ActiveCfg = Release|Any CPU
		{28834187-5E4E-4870-80B0-A09323D051D7}.Release|Any CPU.Build.0 = Release|Any CPU
		{432EFE6C-DB97-42DE-AF8E-EF7EBA0962D2}.Debug|Any CPU.ActiveCfg = Debug|Any CPU
		{432EFE6C-DB97-42DE-AF8E-EF7EBA0962D2}.Debug|Any CPU.Build.0 = Debug|Any CPU
		{432EFE6C-DB97-42DE-AF8E-EF7EBA0962D2}.Release|Any CPU.ActiveCfg = Release|Any CPU
		{432EFE6C-DB97-42DE-AF8E-EF7EBA0962D2}.Release|Any CPU.Build.0 = Release|Any CPU
		{5D4FBFC9-094D-41DE-A783-E07E868481B0}.Debug|Any CPU.ActiveCfg = Debug|Any CPU
		{5D4FBFC9-094D-41DE-A783-E07E868481B0}.Debug|Any CPU.Build.0 = Debug|Any CPU
		{5D4FBFC9-094D-41DE-A783-E07E868481B0}.Release|Any CPU.ActiveCfg = Release|Any CPU
		{5D4FBFC9-094D-41DE-A783-E07E868481B0}.Release|Any CPU.Build.0 = Release|Any CPU
		{95A3ACE0-92A2-4748-848D-E0077FC17CBA}.Debug|Any CPU.ActiveCfg = Debug|Any CPU
		{95A3ACE0-92A2-4748-848D-E0077FC17CBA}.Debug|Any CPU.Build.0 = Debug|Any CPU
		{95A3ACE0-92A2-4748-848D-E0077FC17CBA}.Release|Any CPU.ActiveCfg = Release|Any CPU
		{95A3ACE0-92A2-4748-848D-E0077FC17CBA}.Release|Any CPU.Build.0 = Release|Any CPU
		{94B51411-DC1D-4D71-9255-314D1BD070E3}.Debug|Any CPU.ActiveCfg = Debug|Any CPU
		{94B51411-DC1D-4D71-9255-314D1BD070E3}.Debug|Any CPU.Build.0 = Debug|Any CPU
		{94B51411-DC1D-4D71-9255-314D1BD070E3}.Release|Any CPU.ActiveCfg = Release|Any CPU
		{94B51411-DC1D-4D71-9255-314D1BD070E3}.Release|Any CPU.Build.0 = Release|Any CPU
	EndGlobalSection
	GlobalSection(SolutionProperties) = preSolution
		HideSolutionNode = FALSE
	EndGlobalSection
EndGlobal
