
Microsoft Visual Studio Solution File, Format Version 12.00
# Visual Studio 14
VisualStudioVersion = 14.0.25420.1
MinimumVisualStudioVersion = 10.0.40219.1
Project("{8BC9CEB8-8B4A-11D0-8D11-00A0C91BC942}") = "1.RomanNumerals", "1.RomanNumerals\1.RomanNumerals.vcxproj", "{6AE7C84F-89F7-4611-8C53-A8D6A25F03CA}"
EndProject
Project("{8BC9CEB8-8B4A-11D0-8D11-00A0C91BC942}") = "2.BGIDNumber", "2.BGIDNumber\2.BGIDNumber.vcxproj", "{40E5EA58-045D-48DE-AF30-0F9E51C0D69D}"
EndProject
Project("{8BC9CEB8-8B4A-11D0-8D11-00A0C91BC942}") = "3.IntToHexCheckIfSameChars", "3.IntToHexCheckIfSameChars\3.IntToHexCheckIfSameChars.vcxproj", "{B14509EE-6DEF-460B-8D1A-E8491CFC3FDC}"
EndProject
Project("{8BC9CEB8-8B4A-11D0-8D11-00A0C91BC942}") = "4.Checkmate", "4.Checkmate\4.Checkmate.vcxproj", "{6634BB1F-E931-4627-A27F-08E09E1600D4}"
EndProject
Project("{8BC9CEB8-8B4A-11D0-8D11-00A0C91BC942}") = "5.Darts", "5.Darts\5.Darts.vcxproj", "{2B5AFDD9-3C8D-4776-86AE-87D947CB6872}"
EndProject
Project("{8BC9CEB8-8B4A-11D0-8D11-00A0C91BC942}") = "6.Rectangles", "6.Rectangles\6.Rectangles.vcxproj", "{8A5935F9-0BCF-499D-8173-81E2588C0B69}"
EndProject
Project("{8BC9CEB8-8B4A-11D0-8D11-00A0C91BC942}") = "7.YinYang", "7.YinYang\7.YinYang.vcxproj", "{DD3257C8-9210-43E0-8092-C99EC5BF6688}"
EndProject
Project("{8BC9CEB8-8B4A-11D0-8D11-00A0C91BC942}") = "8.Banknotes", "8.Banknotes\8.Banknotes.vcxproj", "{708059BA-B9B5-47E6-A717-846678979B23}"
EndProject
Project("{8BC9CEB8-8B4A-11D0-8D11-00A0C91BC942}") = "9.FourBitCalculator", "9.FourBitCalculator\9.FourBitCalculator.vcxproj", "{8239CB3A-0A94-4374-8E88-D2842B5C94BA}"
EndProject
Global
	GlobalSection(SolutionConfigurationPlatforms) = preSolution
		Debug|x64 = Debug|x64
		Debug|x86 = Debug|x86
		Release|x64 = Release|x64
		Release|x86 = Release|x86
	EndGlobalSection
	GlobalSection(ProjectConfigurationPlatforms) = postSolution
		{6AE7C84F-89F7-4611-8C53-A8D6A25F03CA}.Debug|x64.ActiveCfg = Debug|x64
		{6AE7C84F-89F7-4611-8C53-A8D6A25F03CA}.Debug|x64.Build.0 = Debug|x64
		{6AE7C84F-89F7-4611-8C53-A8D6A25F03CA}.Debug|x86.ActiveCfg = Debug|Win32
		{6AE7C84F-89F7-4611-8C53-A8D6A25F03CA}.Debug|x86.Build.0 = Debug|Win32
		{6AE7C84F-89F7-4611-8C53-A8D6A25F03CA}.Release|x64.ActiveCfg = Release|x64
		{6AE7C84F-89F7-4611-8C53-A8D6A25F03CA}.Release|x64.Build.0 = Release|x64
		{6AE7C84F-89F7-4611-8C53-A8D6A25F03CA}.Release|x86.ActiveCfg = Release|Win32
		{6AE7C84F-89F7-4611-8C53-A8D6A25F03CA}.Release|x86.Build.0 = Release|Win32
		{40E5EA58-045D-48DE-AF30-0F9E51C0D69D}.Debug|x64.ActiveCfg = Debug|x64
		{40E5EA58-045D-48DE-AF30-0F9E51C0D69D}.Debug|x64.Build.0 = Debug|x64
		{40E5EA58-045D-48DE-AF30-0F9E51C0D69D}.Debug|x86.ActiveCfg = Debug|Win32
		{40E5EA58-045D-48DE-AF30-0F9E51C0D69D}.Debug|x86.Build.0 = Debug|Win32
		{40E5EA58-045D-48DE-AF30-0F9E51C0D69D}.Release|x64.ActiveCfg = Release|x64
		{40E5EA58-045D-48DE-AF30-0F9E51C0D69D}.Release|x64.Build.0 = Release|x64
		{40E5EA58-045D-48DE-AF30-0F9E51C0D69D}.Release|x86.ActiveCfg = Release|Win32
		{40E5EA58-045D-48DE-AF30-0F9E51C0D69D}.Release|x86.Build.0 = Release|Win32
		{B14509EE-6DEF-460B-8D1A-E8491CFC3FDC}.Debug|x64.ActiveCfg = Debug|x64
		{B14509EE-6DEF-460B-8D1A-E8491CFC3FDC}.Debug|x64.Build.0 = Debug|x64
		{B14509EE-6DEF-460B-8D1A-E8491CFC3FDC}.Debug|x86.ActiveCfg = Debug|Win32
		{B14509EE-6DEF-460B-8D1A-E8491CFC3FDC}.Debug|x86.Build.0 = Debug|Win32
		{B14509EE-6DEF-460B-8D1A-E8491CFC3FDC}.Release|x64.ActiveCfg = Release|x64
		{B14509EE-6DEF-460B-8D1A-E8491CFC3FDC}.Release|x64.Build.0 = Release|x64
		{B14509EE-6DEF-460B-8D1A-E8491CFC3FDC}.Release|x86.ActiveCfg = Release|Win32
		{B14509EE-6DEF-460B-8D1A-E8491CFC3FDC}.Release|x86.Build.0 = Release|Win32
		{6634BB1F-E931-4627-A27F-08E09E1600D4}.Debug|x64.ActiveCfg = Debug|x64
		{6634BB1F-E931-4627-A27F-08E09E1600D4}.Debug|x64.Build.0 = Debug|x64
		{6634BB1F-E931-4627-A27F-08E09E1600D4}.Debug|x86.ActiveCfg = Debug|Win32
		{6634BB1F-E931-4627-A27F-08E09E1600D4}.Debug|x86.Build.0 = Debug|Win32
		{6634BB1F-E931-4627-A27F-08E09E1600D4}.Release|x64.ActiveCfg = Release|x64
		{6634BB1F-E931-4627-A27F-08E09E1600D4}.Release|x64.Build.0 = Release|x64
		{6634BB1F-E931-4627-A27F-08E09E1600D4}.Release|x86.ActiveCfg = Release|Win32
		{6634BB1F-E931-4627-A27F-08E09E1600D4}.Release|x86.Build.0 = Release|Win32
		{2B5AFDD9-3C8D-4776-86AE-87D947CB6872}.Debug|x64.ActiveCfg = Debug|x64
		{2B5AFDD9-3C8D-4776-86AE-87D947CB6872}.Debug|x64.Build.0 = Debug|x64
		{2B5AFDD9-3C8D-4776-86AE-87D947CB6872}.Debug|x86.ActiveCfg = Debug|Win32
		{2B5AFDD9-3C8D-4776-86AE-87D947CB6872}.Debug|x86.Build.0 = Debug|Win32
		{2B5AFDD9-3C8D-4776-86AE-87D947CB6872}.Release|x64.ActiveCfg = Release|x64
		{2B5AFDD9-3C8D-4776-86AE-87D947CB6872}.Release|x64.Build.0 = Release|x64
		{2B5AFDD9-3C8D-4776-86AE-87D947CB6872}.Release|x86.ActiveCfg = Release|Win32
		{2B5AFDD9-3C8D-4776-86AE-87D947CB6872}.Release|x86.Build.0 = Release|Win32
		{8A5935F9-0BCF-499D-8173-81E2588C0B69}.Debug|x64.ActiveCfg = Debug|x64
		{8A5935F9-0BCF-499D-8173-81E2588C0B69}.Debug|x64.Build.0 = Debug|x64
		{8A5935F9-0BCF-499D-8173-81E2588C0B69}.Debug|x86.ActiveCfg = Debug|Win32
		{8A5935F9-0BCF-499D-8173-81E2588C0B69}.Debug|x86.Build.0 = Debug|Win32
		{8A5935F9-0BCF-499D-8173-81E2588C0B69}.Release|x64.ActiveCfg = Release|x64
		{8A5935F9-0BCF-499D-8173-81E2588C0B69}.Release|x64.Build.0 = Release|x64
		{8A5935F9-0BCF-499D-8173-81E2588C0B69}.Release|x86.ActiveCfg = Release|Win32
		{8A5935F9-0BCF-499D-8173-81E2588C0B69}.Release|x86.Build.0 = Release|Win32
		{DD3257C8-9210-43E0-8092-C99EC5BF6688}.Debug|x64.ActiveCfg = Debug|x64
		{DD3257C8-9210-43E0-8092-C99EC5BF6688}.Debug|x64.Build.0 = Debug|x64
		{DD3257C8-9210-43E0-8092-C99EC5BF6688}.Debug|x86.ActiveCfg = Debug|Win32
		{DD3257C8-9210-43E0-8092-C99EC5BF6688}.Debug|x86.Build.0 = Debug|Win32
		{DD3257C8-9210-43E0-8092-C99EC5BF6688}.Release|x64.ActiveCfg = Release|x64
		{DD3257C8-9210-43E0-8092-C99EC5BF6688}.Release|x64.Build.0 = Release|x64
		{DD3257C8-9210-43E0-8092-C99EC5BF6688}.Release|x86.ActiveCfg = Release|Win32
		{DD3257C8-9210-43E0-8092-C99EC5BF6688}.Release|x86.Build.0 = Release|Win32
		{708059BA-B9B5-47E6-A717-846678979B23}.Debug|x64.ActiveCfg = Debug|x64
		{708059BA-B9B5-47E6-A717-846678979B23}.Debug|x64.Build.0 = Debug|x64
		{708059BA-B9B5-47E6-A717-846678979B23}.Debug|x86.ActiveCfg = Debug|Win32
		{708059BA-B9B5-47E6-A717-846678979B23}.Debug|x86.Build.0 = Debug|Win32
		{708059BA-B9B5-47E6-A717-846678979B23}.Release|x64.ActiveCfg = Release|x64
		{708059BA-B9B5-47E6-A717-846678979B23}.Release|x64.Build.0 = Release|x64
		{708059BA-B9B5-47E6-A717-846678979B23}.Release|x86.ActiveCfg = Release|Win32
		{708059BA-B9B5-47E6-A717-846678979B23}.Release|x86.Build.0 = Release|Win32
		{8239CB3A-0A94-4374-8E88-D2842B5C94BA}.Debug|x64.ActiveCfg = Debug|x64
		{8239CB3A-0A94-4374-8E88-D2842B5C94BA}.Debug|x64.Build.0 = Debug|x64
		{8239CB3A-0A94-4374-8E88-D2842B5C94BA}.Debug|x86.ActiveCfg = Debug|Win32
		{8239CB3A-0A94-4374-8E88-D2842B5C94BA}.Debug|x86.Build.0 = Debug|Win32
		{8239CB3A-0A94-4374-8E88-D2842B5C94BA}.Release|x64.ActiveCfg = Release|x64
		{8239CB3A-0A94-4374-8E88-D2842B5C94BA}.Release|x64.Build.0 = Release|x64
		{8239CB3A-0A94-4374-8E88-D2842B5C94BA}.Release|x86.ActiveCfg = Release|Win32
		{8239CB3A-0A94-4374-8E88-D2842B5C94BA}.Release|x86.Build.0 = Release|Win32
	EndGlobalSection
	GlobalSection(SolutionProperties) = preSolution
		HideSolutionNode = FALSE
	EndGlobalSection
EndGlobal
